
Microsoft Visual Studio Solution File, Format Version 12.00
# Visual Studio 15
VisualStudioVersion = 15.0.28307.960
MinimumVisualStudioVersion = 10.0.40219.1
Project("{FAE04EC0-301F-11D3-BF4B-00C04F79EFBC}") = "SUM200_Lab2_Max_Jern.Android", "SUM200_Lab2_Max_Jern\SUM200_Lab2_Max_Jern.Android\SUM200_Lab2_Max_Jern.Android.csproj", "{85F146F3-8637-4764-905B-5AAE8E16E6E7}"
EndProject
Project("{FAE04EC0-301F-11D3-BF4B-00C04F79EFBC}") = "SUM200_Lab2_Max_Jern.iOS", "SUM200_Lab2_Max_Jern\SUM200_Lab2_Max_Jern.iOS\SUM200_Lab2_Max_Jern.iOS.csproj", "{93CC81FA-F839-4595-B855-E80E3FE0C493}"
EndProject
Project("{FAE04EC0-301F-11D3-BF4B-00C04F79EFBC}") = "SUM200_Lab2_Max_Jern.UWP", "SUM200_Lab2_Max_Jern\SUM200_Lab2_Max_Jern.UWP\SUM200_Lab2_Max_Jern.UWP.csproj", "{8EC6D7E5-A712-4424-B451-A430485E342A}"
EndProject
Project("{FAE04EC0-301F-11D3-BF4B-00C04F79EFBC}") = "SUM200_Lab2_Max_Jern", "SUM200_Lab2_Max_Jern\SUM200_Lab2_Max_Jern\SUM200_Lab2_Max_Jern.csproj", "{0BF334B3-62A2-4B47-8E98-3355DAAE2290}"
EndProject
Global
	GlobalSection(SolutionConfigurationPlatforms) = preSolution
		Ad-Hoc|Any CPU = Ad-Hoc|Any CPU
		Ad-Hoc|ARM = Ad-Hoc|ARM
		Ad-Hoc|iPhone = Ad-Hoc|iPhone
		Ad-Hoc|iPhoneSimulator = Ad-Hoc|iPhoneSimulator
		Ad-Hoc|x64 = Ad-Hoc|x64
		Ad-Hoc|x86 = Ad-Hoc|x86
		AppStore|Any CPU = AppStore|Any CPU
		AppStore|ARM = AppStore|ARM
		AppStore|iPhone = AppStore|iPhone
		AppStore|iPhoneSimulator = AppStore|iPhoneSimulator
		AppStore|x64 = AppStore|x64
		AppStore|x86 = AppStore|x86
		Debug|Any CPU = Debug|Any CPU
		Debug|ARM = Debug|ARM
		Debug|iPhone = Debug|iPhone
		Debug|iPhoneSimulator = Debug|iPhoneSimulator
		Debug|x64 = Debug|x64
		Debug|x86 = Debug|x86
		Release|Any CPU = Release|Any CPU
		Release|ARM = Release|ARM
		Release|iPhone = Release|iPhone
		Release|iPhoneSimulator = Release|iPhoneSimulator
		Release|x64 = Release|x64
		Release|x86 = Release|x86
	EndGlobalSection
	GlobalSection(ProjectConfigurationPlatforms) = postSolution
		{85F146F3-8637-4764-905B-5AAE8E16E6E7}.Ad-Hoc|Any CPU.ActiveCfg = Release|Any CPU
		{85F146F3-8637-4764-905B-5AAE8E16E6E7}.Ad-Hoc|Any CPU.Build.0 = Release|Any CPU
		{85F146F3-8637-4764-905B-5AAE8E16E6E7}.Ad-Hoc|Any CPU.Deploy.0 = Release|Any CPU
		{85F146F3-8637-4764-905B-5AAE8E16E6E7}.Ad-Hoc|ARM.ActiveCfg = Release|Any CPU
		{85F146F3-8637-4764-905B-5AAE8E16E6E7}.Ad-Hoc|ARM.Build.0 = Release|Any CPU
		{85F146F3-8637-4764-905B-5AAE8E16E6E7}.Ad-Hoc|ARM.Deploy.0 = Release|Any CPU
		{85F146F3-8637-4764-905B-5AAE8E16E6E7}.Ad-Hoc|iPhone.ActiveCfg = Release|Any CPU
		{85F146F3-8637-4764-905B-5AAE8E16E6E7}.Ad-Hoc|iPhone.Build.0 = Release|Any CPU
		{85F146F3-8637-4764-905B-5AAE8E16E6E7}.Ad-Hoc|iPhone.Deploy.0 = Release|Any CPU
		{85F146F3-8637-4764-905B-5AAE8E16E6E7}.Ad-Hoc|iPhoneSimulator.ActiveCfg = Release|Any CPU
		{85F146F3-8637-4764-905B-5AAE8E16E6E7}.Ad-Hoc|iPhoneSimulator.Build.0 = Release|Any CPU
		{85F146F3-8637-4764-905B-5AAE8E16E6E7}.Ad-Hoc|iPhoneSimulator.Deploy.0 = Release|Any CPU
		{85F146F3-8637-4764-905B-5AAE8E16E6E7}.Ad-Hoc|x64.ActiveCfg = Release|Any CPU
		{85F146F3-8637-4764-905B-5AAE8E16E6E7}.Ad-Hoc|x64.Build.0 = Release|Any CPU
		{85F146F3-8637-4764-905B-5AAE8E16E6E7}.Ad-Hoc|x64.Deploy.0 = Release|Any CPU
		{85F146F3-8637-4764-905B-5AAE8E16E6E7}.Ad-Hoc|x86.ActiveCfg = Release|Any CPU
		{85F146F3-8637-4764-905B-5AAE8E16E6E7}.Ad-Hoc|x86.Build.0 = Release|Any CPU
		{85F146F3-8637-4764-905B-5AAE8E16E6E7}.Ad-Hoc|x86.Deploy.0 = Release|Any CPU
		{85F146F3-8637-4764-905B-5AAE8E16E6E7}.AppStore|Any CPU.ActiveCfg = Release|Any CPU
		{85F146F3-8637-4764-905B-5AAE8E16E6E7}.AppStore|Any CPU.Build.0 = Release|Any CPU
		{85F146F3-8637-4764-905B-5AAE8E16E6E7}.AppStore|Any CPU.Deploy.0 = Release|Any CPU
		{85F146F3-8637-4764-905B-5AAE8E16E6E7}.AppStore|ARM.ActiveCfg = Release|Any CPU
		{85F146F3-8637-4764-905B-5AAE8E16E6E7}.AppStore|ARM.Build.0 = Release|Any CPU
		{85F146F3-8637-4764-905B-5AAE8E16E6E7}.AppStore|ARM.Deploy.0 = Release|Any CPU
		{85F146F3-8637-4764-905B-5AAE8E16E6E7}.AppStore|iPhone.ActiveCfg = Release|Any CPU
		{85F146F3-8637-4764-905B-5AAE8E16E6E7}.AppStore|iPhone.Build.0 = Release|Any CPU
		{85F146F3-8637-4764-905B-5AAE8E16E6E7}.AppStore|iPhone.Deploy.0 = Release|Any CPU
		{85F146F3-8637-4764-905B-5AAE8E16E6E7}.AppStore|iPhoneSimulator.ActiveCfg = Release|Any CPU
		{85F146F3-8637-4764-905B-5AAE8E16E6E7}.AppStore|iPhoneSimulator.Build.0 = Release|Any CPU
		{85F146F3-8637-4764-905B-5AAE8E16E6E7}.AppStore|iPhoneSimulator.Deploy.0 = Release|Any CPU
		{85F146F3-8637-4764-905B-5AAE8E16E6E7}.AppStore|x64.ActiveCfg = Release|Any CPU
		{85F146F3-8637-4764-905B-5AAE8E16E6E7}.AppStore|x64.Build.0 = Release|Any CPU
		{85F146F3-8637-4764-905B-5AAE8E16E6E7}.AppStore|x64.Deploy.0 = Release|Any CPU
		{85F146F3-8637-4764-905B-5AAE8E16E6E7}.AppStore|x86.ActiveCfg = Release|Any CPU
		{85F146F3-8637-4764-905B-5AAE8E16E6E7}.AppStore|x86.Build.0 = Release|Any CPU
		{85F146F3-8637-4764-905B-5AAE8E16E6E7}.AppStore|x86.Deploy.0 = Release|Any CPU
		{85F146F3-8637-4764-905B-5AAE8E16E6E7}.Debug|Any CPU.ActiveCfg = Debug|Any CPU
		{85F146F3-8637-4764-905B-5AAE8E16E6E7}.Debug|Any CPU.Build.0 = Debug|Any CPU
		{85F146F3-8637-4764-905B-5AAE8E16E6E7}.Debug|Any CPU.Deploy.0 = Debug|Any CPU
		{85F146F3-8637-4764-905B-5AAE8E16E6E7}.Debug|ARM.ActiveCfg = Debug|Any CPU
		{85F146F3-8637-4764-905B-5AAE8E16E6E7}.Debug|ARM.Build.0 = Debug|Any CPU
		{85F146F3-8637-4764-905B-5AAE8E16E6E7}.Debug|ARM.Deploy.0 = Debug|Any CPU
		{85F146F3-8637-4764-905B-5AAE8E16E6E7}.Debug|iPhone.ActiveCfg = Debug|Any CPU
		{85F146F3-8637-4764-905B-5AAE8E16E6E7}.Debug|iPhone.Build.0 = Debug|Any CPU
		{85F146F3-8637-4764-905B-5AAE8E16E6E7}.Debug|iPhone.Deploy.0 = Debug|Any CPU
		{85F146F3-8637-4764-905B-5AAE8E16E6E7}.Debug|iPhoneSimulator.ActiveCfg = Debug|Any CPU
		{85F146F3-8637-4764-905B-5AAE8E16E6E7}.Debug|iPhoneSimulator.Build.0 = Debug|Any CPU
		{85F146F3-8637-4764-905B-5AAE8E16E6E7}.Debug|iPhoneSimulator.Deploy.0 = Debug|Any CPU
		{85F146F3-8637-4764-905B-5AAE8E16E6E7}.Debug|x64.ActiveCfg = Debug|Any CPU
		{85F146F3-8637-4764-905B-5AAE8E16E6E7}.Debug|x64.Build.0 = Debug|Any CPU
		{85F146F3-8637-4764-905B-5AAE8E16E6E7}.Debug|x64.Deploy.0 = Debug|Any CPU
		{85F146F3-8637-4764-905B-5AAE8E16E6E7}.Debug|x86.ActiveCfg = Debug|Any CPU
		{85F146F3-8637-4764-905B-5AAE8E16E6E7}.Debug|x86.Build.0 = Debug|Any CPU
		{85F146F3-8637-4764-905B-5AAE8E16E6E7}.Debug|x86.Deploy.0 = Debug|Any CPU
		{85F146F3-8637-4764-905B-5AAE8E16E6E7}.Release|Any CPU.ActiveCfg = Release|Any CPU
		{85F146F3-8637-4764-905B-5AAE8E16E6E7}.Release|Any CPU.Build.0 = Release|Any CPU
		{85F146F3-8637-4764-905B-5AAE8E16E6E7}.Release|Any CPU.Deploy.0 = Release|Any CPU
		{85F146F3-8637-4764-905B-5AAE8E16E6E7}.Release|ARM.ActiveCfg = Release|Any CPU
		{85F146F3-8637-4764-905B-5AAE8E16E6E7}.Release|ARM.Build.0 = Release|Any CPU
		{85F146F3-8637-4764-905B-5AAE8E16E6E7}.Release|ARM.Deploy.0 = Release|Any CPU
		{85F146F3-8637-4764-905B-5AAE8E16E6E7}.Release|iPhone.ActiveCfg = Release|Any CPU
		{85F146F3-8637-4764-905B-5AAE8E16E6E7}.Release|iPhone.Build.0 = Release|Any CPU
		{85F146F3-8637-4764-905B-5AAE8E16E6E7}.Release|iPhone.Deploy.0 = Release|Any CPU
		{85F146F3-8637-4764-905B-5AAE8E16E6E7}.Release|iPhoneSimulator.ActiveCfg = Release|Any CPU
		{85F146F3-8637-4764-905B-5AAE8E16E6E7}.Release|iPhoneSimulator.Build.0 = Release|Any CPU
		{85F146F3-8637-4764-905B-5AAE8E16E6E7}.Release|iPhoneSimulator.Deploy.0 = Release|Any CPU
		{85F146F3-8637-4764-905B-5AAE8E16E6E7}.Release|x64.ActiveCfg = Release|Any CPU
		{85F146F3-8637-4764-905B-5AAE8E16E6E7}.Release|x64.Build.0 = Release|Any CPU
		{85F146F3-8637-4764-905B-5AAE8E16E6E7}.Release|x64.Deploy.0 = Release|Any CPU
		{85F146F3-8637-4764-905B-5AAE8E16E6E7}.Release|x86.ActiveCfg = Release|Any CPU
		{85F146F3-8637-4764-905B-5AAE8E16E6E7}.Release|x86.Build.0 = Release|Any CPU
		{85F146F3-8637-4764-905B-5AAE8E16E6E7}.Release|x86.Deploy.0 = Release|Any CPU
		{93CC81FA-F839-4595-B855-E80E3FE0C493}.Ad-Hoc|Any CPU.ActiveCfg = Ad-Hoc|iPhone
		{93CC81FA-F839-4595-B855-E80E3FE0C493}.Ad-Hoc|Any CPU.Build.0 = Ad-Hoc|iPhone
		{93CC81FA-F839-4595-B855-E80E3FE0C493}.Ad-Hoc|Any CPU.Deploy.0 = Ad-Hoc|iPhone
		{93CC81FA-F839-4595-B855-E80E3FE0C493}.Ad-Hoc|ARM.ActiveCfg = Ad-Hoc|iPhone
		{93CC81FA-F839-4595-B855-E80E3FE0C493}.Ad-Hoc|ARM.Build.0 = Ad-Hoc|iPhone
		{93CC81FA-F839-4595-B855-E80E3FE0C493}.Ad-Hoc|ARM.Deploy.0 = Ad-Hoc|iPhone
		{93CC81FA-F839-4595-B855-E80E3FE0C493}.Ad-Hoc|iPhone.ActiveCfg = Ad-Hoc|iPhone
		{93CC81FA-F839-4595-B855-E80E3FE0C493}.Ad-Hoc|iPhone.Build.0 = Ad-Hoc|iPhone
		{93CC81FA-F839-4595-B855-E80E3FE0C493}.Ad-Hoc|iPhone.Deploy.0 = Ad-Hoc|iPhone
		{93CC81FA-F839-4595-B855-E80E3FE0C493}.Ad-Hoc|iPhoneSimulator.ActiveCfg = Ad-Hoc|iPhoneSimulator
		{93CC81FA-F839-4595-B855-E80E3FE0C493}.Ad-Hoc|iPhoneSimulator.Build.0 = Ad-Hoc|iPhoneSimulator
		{93CC81FA-F839-4595-B855-E80E3FE0C493}.Ad-Hoc|iPhoneSimulator.Deploy.0 = Ad-Hoc|iPhoneSimulator
		{93CC81FA-F839-4595-B855-E80E3FE0C493}.Ad-Hoc|x64.ActiveCfg = Ad-Hoc|iPhone
		{93CC81FA-F839-4595-B855-E80E3FE0C493}.Ad-Hoc|x64.Build.0 = Ad-Hoc|iPhone
		{93CC81FA-F839-4595-B855-E80E3FE0C493}.Ad-Hoc|x64.Deploy.0 = Ad-Hoc|iPhone
		{93CC81FA-F839-4595-B855-E80E3FE0C493}.Ad-Hoc|x86.ActiveCfg = Ad-Hoc|iPhone
		{93CC81FA-F839-4595-B855-E80E3FE0C493}.Ad-Hoc|x86.Build.0 = Ad-Hoc|iPhone
		{93CC81FA-F839-4595-B855-E80E3FE0C493}.Ad-Hoc|x86.Deploy.0 = Ad-Hoc|iPhone
		{93CC81FA-F839-4595-B855-E80E3FE0C493}.AppStore|Any CPU.ActiveCfg = AppStore|iPhone
		{93CC81FA-F839-4595-B855-E80E3FE0C493}.AppStore|Any CPU.Build.0 = AppStore|iPhone
		{93CC81FA-F839-4595-B855-E80E3FE0C493}.AppStore|Any CPU.Deploy.0 = AppStore|iPhone
		{93CC81FA-F839-4595-B855-E80E3FE0C493}.AppStore|ARM.ActiveCfg = AppStore|iPhone
		{93CC81FA-F839-4595-B855-E80E3FE0C493}.AppStore|ARM.Build.0 = AppStore|iPhone
		{93CC81FA-F839-4595-B855-E80E3FE0C493}.AppStore|ARM.Deploy.0 = AppStore|iPhone
		{93CC81FA-F839-4595-B855-E80E3FE0C493}.AppStore|iPhone.ActiveCfg = AppStore|iPhone
		{93CC81FA-F839-4595-B855-E80E3FE0C493}.AppStore|iPhone.Build.0 = AppStore|iPhone
		{93CC81FA-F839-4595-B855-E80E3FE0C493}.AppStore|iPhone.Deploy.0 = AppStore|iPhone
		{93CC81FA-F839-4595-B855-E80E3FE0C493}.AppStore|iPhoneSimulator.ActiveCfg = AppStore|iPhoneSimulator
		{93CC81FA-F839-4595-B855-E80E3FE0C493}.AppStore|iPhoneSimulator.Build.0 = AppStore|iPhoneSimulator
		{93CC81FA-F839-4595-B855-E80E3FE0C493}.AppStore|iPhoneSimulator.Deploy.0 = AppStore|iPhoneSimulator
		{93CC81FA-F839-4595-B855-E80E3FE0C493}.AppStore|x64.ActiveCfg = AppStore|iPhone
		{93CC81FA-F839-4595-B855-E80E3FE0C493}.AppStore|x64.Build.0 = AppStore|iPhone
		{93CC81FA-F839-4595-B855-E80E3FE0C493}.AppStore|x64.Deploy.0 = AppStore|iPhone
		{93CC81FA-F839-4595-B855-E80E3FE0C493}.AppStore|x86.ActiveCfg = AppStore|iPhone
		{93CC81FA-F839-4595-B855-E80E3FE0C493}.AppStore|x86.Build.0 = AppStore|iPhone
		{93CC81FA-F839-4595-B855-E80E3FE0C493}.AppStore|x86.Deploy.0 = AppStore|iPhone
		{93CC81FA-F839-4595-B855-E80E3FE0C493}.Debug|Any CPU.ActiveCfg = Debug|iPhoneSimulator
		{93CC81FA-F839-4595-B855-E80E3FE0C493}.Debug|Any CPU.Build.0 = Debug|iPhoneSimulator
		{93CC81FA-F839-4595-B855-E80E3FE0C493}.Debug|Any CPU.Deploy.0 = Debug|iPhoneSimulator
		{93CC81FA-F839-4595-B855-E80E3FE0C493}.Debug|ARM.ActiveCfg = Debug|iPhone
		{93CC81FA-F839-4595-B855-E80E3FE0C493}.Debug|ARM.Build.0 = Debug|iPhone
		{93CC81FA-F839-4595-B855-E80E3FE0C493}.Debug|ARM.Deploy.0 = Debug|iPhone
		{93CC81FA-F839-4595-B855-E80E3FE0C493}.Debug|iPhone.ActiveCfg = Debug|iPhone
		{93CC81FA-F839-4595-B855-E80E3FE0C493}.Debug|iPhone.Build.0 = Debug|iPhone
		{93CC81FA-F839-4595-B855-E80E3FE0C493}.Debug|iPhone.Deploy.0 = Debug|iPhone
		{93CC81FA-F839-4595-B855-E80E3FE0C493}.Debug|iPhoneSimulator.ActiveCfg = Debug|iPhoneSimulator
		{93CC81FA-F839-4595-B855-E80E3FE0C493}.Debug|iPhoneSimulator.Build.0 = Debug|iPhoneSimulator
		{93CC81FA-F839-4595-B855-E80E3FE0C493}.Debug|iPhoneSimulator.Deploy.0 = Debug|iPhoneSimulator
		{93CC81FA-F839-4595-B855-E80E3FE0C493}.Debug|x64.ActiveCfg = Debug|iPhone
		{93CC81FA-F839-4595-B855-E80E3FE0C493}.Debug|x64.Build.0 = Debug|iPhone
		{93CC81FA-F839-4595-B855-E80E3FE0C493}.Debug|x64.Deploy.0 = Debug|iPhone
		{93CC81FA-F839-4595-B855-E80E3FE0C493}.Debug|x86.ActiveCfg = Debug|iPhone
		{93CC81FA-F839-4595-B855-E80E3FE0C493}.Debug|x86.Build.0 = Debug|iPhone
		{93CC81FA-F839-4595-B855-E80E3FE0C493}.Debug|x86.Deploy.0 = Debug|iPhone
		{93CC81FA-F839-4595-B855-E80E3FE0C493}.Release|Any CPU.ActiveCfg = Release|iPhone
		{93CC81FA-F839-4595-B855-E80E3FE0C493}.Release|Any CPU.Build.0 = Release|iPhone
		{93CC81FA-F839-4595-B855-E80E3FE0C493}.Release|Any CPU.Deploy.0 = Release|iPhone
		{93CC81FA-F839-4595-B855-E80E3FE0C493}.Release|ARM.ActiveCfg = Release|iPhone
		{93CC81FA-F839-4595-B855-E80E3FE0C493}.Release|ARM.Build.0 = Release|iPhone
		{93CC81FA-F839-4595-B855-E80E3FE0C493}.Release|ARM.Deploy.0 = Release|iPhone
		{93CC81FA-F839-4595-B855-E80E3FE0C493}.Release|iPhone.ActiveCfg = Release|iPhone
		{93CC81FA-F839-4595-B855-E80E3FE0C493}.Release|iPhone.Build.0 = Release|iPhone
		{93CC81FA-F839-4595-B855-E80E3FE0C493}.Release|iPhone.Deploy.0 = Release|iPhone
		{93CC81FA-F839-4595-B855-E80E3FE0C493}.Release|iPhoneSimulator.ActiveCfg = Release|iPhoneSimulator
		{93CC81FA-F839-4595-B855-E80E3FE0C493}.Release|iPhoneSimulator.Build.0 = Release|iPhoneSimulator
		{93CC81FA-F839-4595-B855-E80E3FE0C493}.Release|iPhoneSimulator.Deploy.0 = Release|iPhoneSimulator
		{93CC81FA-F839-4595-B855-E80E3FE0C493}.Release|x64.ActiveCfg = Release|iPhone
		{93CC81FA-F839-4595-B855-E80E3FE0C493}.Release|x64.Build.0 = Release|iPhone
		{93CC81FA-F839-4595-B855-E80E3FE0C493}.Release|x64.Deploy.0 = Release|iPhone
		{93CC81FA-F839-4595-B855-E80E3FE0C493}.Release|x86.ActiveCfg = Release|iPhone
		{93CC81FA-F839-4595-B855-E80E3FE0C493}.Release|x86.Build.0 = Release|iPhone
		{93CC81FA-F839-4595-B855-E80E3FE0C493}.Release|x86.Deploy.0 = Release|iPhone
		{8EC6D7E5-A712-4424-B451-A430485E342A}.Ad-Hoc|Any CPU.ActiveCfg = Release|x86
		{8EC6D7E5-A712-4424-B451-A430485E342A}.Ad-Hoc|Any CPU.Build.0 = Release|x86
		{8EC6D7E5-A712-4424-B451-A430485E342A}.Ad-Hoc|Any CPU.Deploy.0 = Release|x86
		{8EC6D7E5-A712-4424-B451-A430485E342A}.Ad-Hoc|ARM.ActiveCfg = Release|ARM
		{8EC6D7E5-A712-4424-B451-A430485E342A}.Ad-Hoc|ARM.Build.0 = Release|ARM
		{8EC6D7E5-A712-4424-B451-A430485E342A}.Ad-Hoc|ARM.Deploy.0 = Release|ARM
		{8EC6D7E5-A712-4424-B451-A430485E342A}.Ad-Hoc|iPhone.ActiveCfg = Release|x86
		{8EC6D7E5-A712-4424-B451-A430485E342A}.Ad-Hoc|iPhone.Build.0 = Release|x86
		{8EC6D7E5-A712-4424-B451-A430485E342A}.Ad-Hoc|iPhone.Deploy.0 = Release|x86
		{8EC6D7E5-A712-4424-B451-A430485E342A}.Ad-Hoc|iPhoneSimulator.ActiveCfg = Release|x86
		{8EC6D7E5-A712-4424-B451-A430485E342A}.Ad-Hoc|iPhoneSimulator.Build.0 = Release|x86
		{8EC6D7E5-A712-4424-B451-A430485E342A}.Ad-Hoc|iPhoneSimulator.Deploy.0 = Release|x86
		{8EC6D7E5-A712-4424-B451-A430485E342A}.Ad-Hoc|x64.ActiveCfg = Release|x64
		{8EC6D7E5-A712-4424-B451-A430485E342A}.Ad-Hoc|x64.Build.0 = Release|x64
		{8EC6D7E5-A712-4424-B451-A430485E342A}.Ad-Hoc|x64.Deploy.0 = Release|x64
		{8EC6D7E5-A712-4424-B451-A430485E342A}.Ad-Hoc|x86.ActiveCfg = Release|x86
		{8EC6D7E5-A712-4424-B451-A430485E342A}.Ad-Hoc|x86.Build.0 = Release|x86
		{8EC6D7E5-A712-4424-B451-A430485E342A}.Ad-Hoc|x86.Deploy.0 = Release|x86
		{8EC6D7E5-A712-4424-B451-A430485E342A}.AppStore|Any CPU.ActiveCfg = Release|x86
		{8EC6D7E5-A712-4424-B451-A430485E342A}.AppStore|Any CPU.Build.0 = Release|x86
		{8EC6D7E5-A712-4424-B451-A430485E342A}.AppStore|Any CPU.Deploy.0 = Release|x86
		{8EC6D7E5-A712-4424-B451-A430485E342A}.AppStore|ARM.ActiveCfg = Release|ARM
		{8EC6D7E5-A712-4424-B451-A430485E342A}.AppStore|ARM.Build.0 = Release|ARM
		{8EC6D7E5-A712-4424-B451-A430485E342A}.AppStore|ARM.Deploy.0 = Release|ARM
		{8EC6D7E5-A712-4424-B451-A430485E342A}.AppStore|iPhone.ActiveCfg = Release|x86
		{8EC6D7E5-A712-4424-B451-A430485E342A}.AppStore|iPhone.Build.0 = Release|x86
		{8EC6D7E5-A712-4424-B451-A430485E342A}.AppStore|iPhone.Deploy.0 = Release|x86
		{8EC6D7E5-A712-4424-B451-A430485E342A}.AppStore|iPhoneSimulator.ActiveCfg = Release|x86
		{8EC6D7E5-A712-4424-B451-A430485E342A}.AppStore|iPhoneSimulator.Build.0 = Release|x86
		{8EC6D7E5-A712-4424-B451-A430485E342A}.AppStore|iPhoneSimulator.Deploy.0 = Release|x86
		{8EC6D7E5-A712-4424-B451-A430485E342A}.AppStore|x64.ActiveCfg = Release|x64
		{8EC6D7E5-A712-4424-B451-A430485E342A}.AppStore|x64.Build.0 = Release|x64
		{8EC6D7E5-A712-4424-B451-A430485E342A}.AppStore|x64.Deploy.0 = Release|x64
		{8EC6D7E5-A712-4424-B451-A430485E342A}.AppStore|x86.ActiveCfg = Release|x86
		{8EC6D7E5-A712-4424-B451-A430485E342A}.AppStore|x86.Build.0 = Release|x86
		{8EC6D7E5-A712-4424-B451-A430485E342A}.AppStore|x86.Deploy.0 = Release|x86
		{8EC6D7E5-A712-4424-B451-A430485E342A}.Debug|Any CPU.ActiveCfg = Debug|x86
		{8EC6D7E5-A712-4424-B451-A430485E342A}.Debug|Any CPU.Build.0 = Debug|x86
		{8EC6D7E5-A712-4424-B451-A430485E342A}.Debug|Any CPU.Deploy.0 = Debug|x86
		{8EC6D7E5-A712-4424-B451-A430485E342A}.Debug|ARM.ActiveCfg = Debug|ARM
		{8EC6D7E5-A712-4424-B451-A430485E342A}.Debug|ARM.Build.0 = Debug|ARM
		{8EC6D7E5-A712-4424-B451-A430485E342A}.Debug|ARM.Deploy.0 = Debug|ARM
		{8EC6D7E5-A712-4424-B451-A430485E342A}.Debug|iPhone.ActiveCfg = Debug|x86
		{8EC6D7E5-A712-4424-B451-A430485E342A}.Debug|iPhone.Build.0 = Debug|x86
		{8EC6D7E5-A712-4424-B451-A430485E342A}.Debug|iPhone.Deploy.0 = Debug|x86
		{8EC6D7E5-A712-4424-B451-A430485E342A}.Debug|iPhoneSimulator.ActiveCfg = Debug|x86
		{8EC6D7E5-A712-4424-B451-A430485E342A}.Debug|iPhoneSimulator.Build.0 = Debug|x86
		{8EC6D7E5-A712-4424-B451-A430485E342A}.Debug|iPhoneSimulator.Deploy.0 = Debug|x86
		{8EC6D7E5-A712-4424-B451-A430485E342A}.Debug|x64.ActiveCfg = Debug|x64
		{8EC6D7E5-A712-4424-B451-A430485E342A}.Debug|x64.Build.0 = Debug|x64
		{8EC6D7E5-A712-4424-B451-A430485E342A}.Debug|x64.Deploy.0 = Debug|x64
		{8EC6D7E5-A712-4424-B451-A430485E342A}.Debug|x86.ActiveCfg = Debug|x86
		{8EC6D7E5-A712-4424-B451-A430485E342A}.Debug|x86.Build.0 = Debug|x86
		{8EC6D7E5-A712-4424-B451-A430485E342A}.Debug|x86.Deploy.0 = Debug|x86
		{8EC6D7E5-A712-4424-B451-A430485E342A}.Release|Any CPU.ActiveCfg = Release|x86
		{8EC6D7E5-A712-4424-B451-A430485E342A}.Release|Any CPU.Build.0 = Release|x86
		{8EC6D7E5-A712-4424-B451-A430485E342A}.Release|Any CPU.Deploy.0 = Release|x86
		{8EC6D7E5-A712-4424-B451-A430485E342A}.Release|ARM.ActiveCfg = Release|ARM
		{8EC6D7E5-A712-4424-B451-A430485E342A}.Release|ARM.Build.0 = Release|ARM
		{8EC6D7E5-A712-4424-B451-A430485E342A}.Release|ARM.Deploy.0 = Release|ARM
		{8EC6D7E5-A712-4424-B451-A430485E342A}.Release|iPhone.ActiveCfg = Release|x86
		{8EC6D7E5-A712-4424-B451-A430485E342A}.Release|iPhone.Build.0 = Release|x86
		{8EC6D7E5-A712-4424-B451-A430485E342A}.Release|iPhone.Deploy.0 = Release|x86
		{8EC6D7E5-A712-4424-B451-A430485E342A}.Release|iPhoneSimulator.ActiveCfg = Release|x86
		{8EC6D7E5-A712-4424-B451-A430485E342A}.Release|iPhoneSimulator.Build.0 = Release|x86
		{8EC6D7E5-A712-4424-B451-A430485E342A}.Release|iPhoneSimulator.Deploy.0 = Release|x86
		{8EC6D7E5-A712-4424-B451-A430485E342A}.Release|x64.ActiveCfg = Release|x64
		{8EC6D7E5-A712-4424-B451-A430485E342A}.Release|x64.Build.0 = Release|x64
		{8EC6D7E5-A712-4424-B451-A430485E342A}.Release|x64.Deploy.0 = Release|x64
		{8EC6D7E5-A712-4424-B451-A430485E342A}.Release|x86.ActiveCfg = Release|x86
		{8EC6D7E5-A712-4424-B451-A430485E342A}.Release|x86.Build.0 = Release|x86
		{8EC6D7E5-A712-4424-B451-A430485E342A}.Release|x86.Deploy.0 = Release|x86
		{0BF334B3-62A2-4B47-8E98-3355DAAE2290}.Ad-Hoc|Any CPU.ActiveCfg = Debug|Any CPU
		{0BF334B3-62A2-4B47-8E98-3355DAAE2290}.Ad-Hoc|Any CPU.Build.0 = Debug|Any CPU
		{0BF334B3-62A2-4B47-8E98-3355DAAE2290}.Ad-Hoc|Any CPU.Deploy.0 = Debug|Any CPU
		{0BF334B3-62A2-4B47-8E98-3355DAAE2290}.Ad-Hoc|ARM.ActiveCfg = Debug|Any CPU
		{0BF334B3-62A2-4B47-8E98-3355DAAE2290}.Ad-Hoc|ARM.Build.0 = Debug|Any CPU
		{0BF334B3-62A2-4B47-8E98-3355DAAE2290}.Ad-Hoc|ARM.Deploy.0 = Debug|Any CPU
		{0BF334B3-62A2-4B47-8E98-3355DAAE2290}.Ad-Hoc|iPhone.ActiveCfg = Debug|Any CPU
		{0BF334B3-62A2-4B47-8E98-3355DAAE2290}.Ad-Hoc|iPhone.Build.0 = Debug|Any CPU
		{0BF334B3-62A2-4B47-8E98-3355DAAE2290}.Ad-Hoc|iPhone.Deploy.0 = Debug|Any CPU
		{0BF334B3-62A2-4B47-8E98-3355DAAE2290}.Ad-Hoc|iPhoneSimulator.ActiveCfg = Debug|Any CPU
		{0BF334B3-62A2-4B47-8E98-3355DAAE2290}.Ad-Hoc|iPhoneSimulator.Build.0 = Debug|Any CPU
		{0BF334B3-62A2-4B47-8E98-3355DAAE2290}.Ad-Hoc|iPhoneSimulator.Deploy.0 = Debug|Any CPU
		{0BF334B3-62A2-4B47-8E98-3355DAAE2290}.Ad-Hoc|x64.ActiveCfg = Debug|Any CPU
		{0BF334B3-62A2-4B47-8E98-3355DAAE2290}.Ad-Hoc|x64.Build.0 = Debug|Any CPU
		{0BF334B3-62A2-4B47-8E98-3355DAAE2290}.Ad-Hoc|x64.Deploy.0 = Debug|Any CPU
		{0BF334B3-62A2-4B47-8E98-3355DAAE2290}.Ad-Hoc|x86.ActiveCfg = Debug|Any CPU
		{0BF334B3-62A2-4B47-8E98-3355DAAE2290}.Ad-Hoc|x86.Build.0 = Debug|Any CPU
		{0BF334B3-62A2-4B47-8E98-3355DAAE2290}.Ad-Hoc|x86.Deploy.0 = Debug|Any CPU
		{0BF334B3-62A2-4B47-8E98-3355DAAE2290}.AppStore|Any CPU.ActiveCfg = Debug|Any CPU
		{0BF334B3-62A2-4B47-8E98-3355DAAE2290}.AppStore|Any CPU.Build.0 = Debug|Any CPU
		{0BF334B3-62A2-4B47-8E98-3355DAAE2290}.AppStore|Any CPU.Deploy.0 = Debug|Any CPU
		{0BF334B3-62A2-4B47-8E98-3355DAAE2290}.AppStore|ARM.ActiveCfg = Debug|Any CPU
		{0BF334B3-62A2-4B47-8E98-3355DAAE2290}.AppStore|ARM.Build.0 = Debug|Any CPU
		{0BF334B3-62A2-4B47-8E98-3355DAAE2290}.AppStore|ARM.Deploy.0 = Debug|Any CPU
		{0BF334B3-62A2-4B47-8E98-3355DAAE2290}.AppStore|iPhone.ActiveCfg = Debug|Any CPU
		{0BF334B3-62A2-4B47-8E98-3355DAAE2290}.AppStore|iPhone.Build.0 = Debug|Any CPU
		{0BF334B3-62A2-4B47-8E98-3355DAAE2290}.AppStore|iPhone.Deploy.0 = Debug|Any CPU
		{0BF334B3-62A2-4B47-8E98-3355DAAE2290}.AppStore|iPhoneSimulator.ActiveCfg = Debug|Any CPU
		{0BF334B3-62A2-4B47-8E98-3355DAAE2290}.AppStore|iPhoneSimulator.Build.0 = Debug|Any CPU
		{0BF334B3-62A2-4B47-8E98-3355DAAE2290}.AppStore|iPhoneSimulator.Deploy.0 = Debug|Any CPU
		{0BF334B3-62A2-4B47-8E98-3355DAAE2290}.AppStore|x64.ActiveCfg = Debug|Any CPU
		{0BF334B3-62A2-4B47-8E98-3355DAAE2290}.AppStore|x64.Build.0 = Debug|Any CPU
		{0BF334B3-62A2-4B47-8E98-3355DAAE2290}.AppStore|x64.Deploy.0 = Debug|Any CPU
		{0BF334B3-62A2-4B47-8E98-3355DAAE2290}.AppStore|x86.ActiveCfg = Debug|Any CPU
		{0BF334B3-62A2-4B47-8E98-3355DAAE2290}.AppStore|x86.Build.0 = Debug|Any CPU
		{0BF334B3-62A2-4B47-8E98-3355DAAE2290}.AppStore|x86.Deploy.0 = Debug|Any CPU
		{0BF334B3-62A2-4B47-8E98-3355DAAE2290}.Debug|Any CPU.ActiveCfg = Debug|Any CPU
		{0BF334B3-62A2-4B47-8E98-3355DAAE2290}.Debug|Any CPU.Build.0 = Debug|Any CPU
		{0BF334B3-62A2-4B47-8E98-3355DAAE2290}.Debug|Any CPU.Deploy.0 = Debug|Any CPU
		{0BF334B3-62A2-4B47-8E98-3355DAAE2290}.Debug|ARM.ActiveCfg = Debug|Any CPU
		{0BF334B3-62A2-4B47-8E98-3355DAAE2290}.Debug|ARM.Build.0 = Debug|Any CPU
		{0BF334B3-62A2-4B47-8E98-3355DAAE2290}.Debug|ARM.Deploy.0 = Debug|Any CPU
		{0BF334B3-62A2-4B47-8E98-3355DAAE2290}.Debug|iPhone.ActiveCfg = Debug|Any CPU
		{0BF334B3-62A2-4B47-8E98-3355DAAE2290}.Debug|iPhone.Build.0 = Debug|Any CPU
		{0BF334B3-62A2-4B47-8E98-3355DAAE2290}.Debug|iPhone.Deploy.0 = Debug|Any CPU
		{0BF334B3-62A2-4B47-8E98-3355DAAE2290}.Debug|iPhoneSimulator.ActiveCfg = Debug|Any CPU
		{0BF334B3-62A2-4B47-8E98-3355DAAE2290}.Debug|iPhoneSimulator.Build.0 = Debug|Any CPU
		{0BF334B3-62A2-4B47-8E98-3355DAAE2290}.Debug|iPhoneSimulator.Deploy.0 = Debug|Any CPU
		{0BF334B3-62A2-4B47-8E98-3355DAAE2290}.Debug|x64.ActiveCfg = Debug|Any CPU
		{0BF334B3-62A2-4B47-8E98-3355DAAE2290}.Debug|x64.Build.0 = Debug|Any CPU
		{0BF334B3-62A2-4B47-8E98-3355DAAE2290}.Debug|x64.Deploy.0 = Debug|Any CPU
		{0BF334B3-62A2-4B47-8E98-3355DAAE2290}.Debug|x86.ActiveCfg = Debug|Any CPU
		{0BF334B3-62A2-4B47-8E98-3355DAAE2290}.Debug|x86.Build.0 = Debug|Any CPU
		{0BF334B3-62A2-4B47-8E98-3355DAAE2290}.Debug|x86.Deploy.0 = Debug|Any CPU
		{0BF334B3-62A2-4B47-8E98-3355DAAE2290}.Release|Any CPU.ActiveCfg = Release|Any CPU
		{0BF334B3-62A2-4B47-8E98-3355DAAE2290}.Release|Any CPU.Build.0 = Release|Any CPU
		{0BF334B3-62A2-4B47-8E98-3355DAAE2290}.Release|Any CPU.Deploy.0 = Release|Any CPU
		{0BF334B3-62A2-4B47-8E98-3355DAAE2290}.Release|ARM.ActiveCfg = Release|Any CPU
		{0BF334B3-62A2-4B47-8E98-3355DAAE2290}.Release|ARM.Build.0 = Release|Any CPU
		{0BF334B3-62A2-4B47-8E98-3355DAAE2290}.Release|ARM.Deploy.0 = Release|Any CPU
		{0BF334B3-62A2-4B47-8E98-3355DAAE2290}.Release|iPhone.ActiveCfg = Release|Any CPU
		{0BF334B3-62A2-4B47-8E98-3355DAAE2290}.Release|iPhone.Build.0 = Release|Any CPU
		{0BF334B3-62A2-4B47-8E98-3355DAAE2290}.Release|iPhone.Deploy.0 = Release|Any CPU
		{0BF334B3-62A2-4B47-8E98-3355DAAE2290}.Release|iPhoneSimulator.ActiveCfg = Release|Any CPU
		{0BF334B3-62A2-4B47-8E98-3355DAAE2290}.Release|iPhoneSimulator.Build.0 = Release|Any CPU
		{0BF334B3-62A2-4B47-8E98-3355DAAE2290}.Release|iPhoneSimulator.Deploy.0 = Release|Any CPU
		{0BF334B3-62A2-4B47-8E98-3355DAAE2290}.Release|x64.ActiveCfg = Release|Any CPU
		{0BF334B3-62A2-4B47-8E98-3355DAAE2290}.Release|x64.Build.0 = Release|Any CPU
		{0BF334B3-62A2-4B47-8E98-3355DAAE2290}.Release|x64.Deploy.0 = Release|Any CPU
		{0BF334B3-62A2-4B47-8E98-3355DAAE2290}.Release|x86.ActiveCfg = Release|Any CPU
		{0BF334B3-62A2-4B47-8E98-3355DAAE2290}.Release|x86.Build.0 = Release|Any CPU
		{0BF334B3-62A2-4B47-8E98-3355DAAE2290}.Release|x86.Deploy.0 = Release|Any CPU
	EndGlobalSection
	GlobalSection(SolutionProperties) = preSolution
		HideSolutionNode = FALSE
	EndGlobalSection
	GlobalSection(ExtensibilityGlobals) = postSolution
		SolutionGuid = {55D8E919-782E-4FAE-9406-1628569B61B0}
	EndGlobalSection
EndGlobal
